
Microsoft Visual Studio Solution File, Format Version 12.00
# Visual Studio Version 17
VisualStudioVersion = 17.10.35122.118
MinimumVisualStudioVersion = 10.0.40219.1
Project("{9A19103F-16F7-4668-BE54-9A1E7A4F7556}") = "b3digitas.Domain", "b3digtas.Domain\b3digitas.Domain.csproj", "{D6A788FD-116C-4809-B01F-7AB5ECE1DAE9}"
EndProject
Project("{9A19103F-16F7-4668-BE54-9A1E7A4F7556}") = "b3digitas.Application", "b3digitas.Application\b3digitas.Application.csproj", "{01B50F76-45E8-4625-80F1-A8B8EC976619}"
EndProject
Project("{9A19103F-16F7-4668-BE54-9A1E7A4F7556}") = "b3digitas.Infra.Data", "b3digitas.infra.Data\b3digitas.Infra.Data.csproj", "{F90C03EE-CDD5-4CF9-9AD2-86EC2F636BC9}"
EndProject
Project("{9A19103F-16F7-4668-BE54-9A1E7A4F7556}") = "b3digitas.tests", "b3digitas.tests\b3digitas.tests.csproj", "{C51357FE-FEEB-43A0-82C8-D021E1D699A0}"
EndProject
Project("{9A19103F-16F7-4668-BE54-9A1E7A4F7556}") = "b3digitas.Infra.Ioc", "b3digitas.Infra.Ioc\b3digitas.Infra.Ioc.csproj", "{2447AAE4-ADF3-42D3-BC70-56D670B46550}"
EndProject
Project("{9A19103F-16F7-4668-BE54-9A1E7A4F7556}") = "b3digitas.WS.BTC", "b3digitas.WSClient\b3digitas.WS.BTC.csproj", "{C70465C2-CE83-4729-83E3-AFE435DD3BC0}"
EndProject
Project("{9A19103F-16F7-4668-BE54-9A1E7A4F7556}") = "b3digitas.API", "b3digitas.API\b3digitas.API.csproj", "{CFAC34D6-DE31-4429-B159-55B86FE3825A}"
EndProject
Project("{9A19103F-16F7-4668-BE54-9A1E7A4F7556}") = "b3digitas.WS.Extension", "b3digitas.WS.Extension\b3digitas.WS.Extension.csproj", "{DE9286CD-7136-4898-A5F2-300464BC7B37}"
EndProject
Project("{2150E333-8FDC-42A3-9474-1A3956D46DE8}") = "Websockets", "Websockets", "{40E2FD7B-108B-46CC-BB38-1FCD4B1E487C}"
EndProject
Project("{9A19103F-16F7-4668-BE54-9A1E7A4F7556}") = "b3digitas.WS.ETH", "b3digitas.WS.ETH\b3digitas.WS.ETH.csproj", "{8CBC34E3-9E86-4996-A93C-F25D89289D9B}"
EndProject
Project("{2150E333-8FDC-42A3-9474-1A3956D46DE8}") = "Core", "Core", "{29B07905-3948-4D42-8415-43BE258311B1}"
EndProject
Project("{2150E333-8FDC-42A3-9474-1A3956D46DE8}") = "Infra", "Infra", "{0342CC6F-D812-404D-9CA3-6C1D1488B8D1}"
EndProject
Project("{2150E333-8FDC-42A3-9474-1A3956D46DE8}") = "Tests", "Tests", "{241E07EB-4993-4377-805E-2133CE5D1073}"
EndProject
Project("{2150E333-8FDC-42A3-9474-1A3956D46DE8}") = "Application", "Application", "{ECC690FF-05BF-4FFC-A855-0EE6D5A41F41}"
EndProject
Project("{9A19103F-16F7-4668-BE54-9A1E7A4F7556}") = "b3digitas.WS.Parallel", "b3digitas.WS.Parallel\b3digitas.WS.Parallel.csproj", "{1D830501-244F-4F70-8E29-95705EEBBDF0}"
EndProject
Project("{9A19103F-16F7-4668-BE54-9A1E7A4F7556}") = "b3digitas.Panel", "b3digitas.Panel\b3digitas.Panel.csproj", "{15BF308F-0B9C-446A-ACDF-8EDF59FFF3FB}"
EndProject
Project("{FAE04EC0-301F-11D3-BF4B-00C04F79EFBC}") = "b3digitas.Auxiliar.Delete", "b3digitas.Auxiliar.Delete\b3digitas.Auxiliar.Delete.csproj", "{A17360ED-0BCE-4206-9AAA-D5BBFDED985E}"
EndProject
Global
	GlobalSection(SolutionConfigurationPlatforms) = preSolution
		Debug|Any CPU = Debug|Any CPU
		Release|Any CPU = Release|Any CPU
	EndGlobalSection
	GlobalSection(ProjectConfigurationPlatforms) = postSolution
		{D6A788FD-116C-4809-B01F-7AB5ECE1DAE9}.Debug|Any CPU.ActiveCfg = Debug|Any CPU
		{D6A788FD-116C-4809-B01F-7AB5ECE1DAE9}.Debug|Any CPU.Build.0 = Debug|Any CPU
		{D6A788FD-116C-4809-B01F-7AB5ECE1DAE9}.Release|Any CPU.ActiveCfg = Release|Any CPU
		{D6A788FD-116C-4809-B01F-7AB5ECE1DAE9}.Release|Any CPU.Build.0 = Release|Any CPU
		{01B50F76-45E8-4625-80F1-A8B8EC976619}.Debug|Any CPU.ActiveCfg = Debug|Any CPU
		{01B50F76-45E8-4625-80F1-A8B8EC976619}.Debug|Any CPU.Build.0 = Debug|Any CPU
		{01B50F76-45E8-4625-80F1-A8B8EC976619}.Release|Any CPU.ActiveCfg = Release|Any CPU
		{01B50F76-45E8-4625-80F1-A8B8EC976619}.Release|Any CPU.Build.0 = Release|Any CPU
		{F90C03EE-CDD5-4CF9-9AD2-86EC2F636BC9}.Debug|Any CPU.ActiveCfg = Debug|Any CPU
		{F90C03EE-CDD5-4CF9-9AD2-86EC2F636BC9}.Debug|Any CPU.Build.0 = Debug|Any CPU
		{F90C03EE-CDD5-4CF9-9AD2-86EC2F636BC9}.Release|Any CPU.ActiveCfg = Release|Any CPU
		{F90C03EE-CDD5-4CF9-9AD2-86EC2F636BC9}.Release|Any CPU.Build.0 = Release|Any CPU
		{C51357FE-FEEB-43A0-82C8-D021E1D699A0}.Debug|Any CPU.ActiveCfg = Debug|Any CPU
		{C51357FE-FEEB-43A0-82C8-D021E1D699A0}.Debug|Any CPU.Build.0 = Debug|Any CPU
		{C51357FE-FEEB-43A0-82C8-D021E1D699A0}.Release|Any CPU.ActiveCfg = Release|Any CPU
		{C51357FE-FEEB-43A0-82C8-D021E1D699A0}.Release|Any CPU.Build.0 = Release|Any CPU
		{2447AAE4-ADF3-42D3-BC70-56D670B46550}.Debug|Any CPU.ActiveCfg = Debug|Any CPU
		{2447AAE4-ADF3-42D3-BC70-56D670B46550}.Debug|Any CPU.Build.0 = Debug|Any CPU
		{2447AAE4-ADF3-42D3-BC70-56D670B46550}.Release|Any CPU.ActiveCfg = Release|Any CPU
		{2447AAE4-ADF3-42D3-BC70-56D670B46550}.Release|Any CPU.Build.0 = Release|Any CPU
		{C70465C2-CE83-4729-83E3-AFE435DD3BC0}.Debug|Any CPU.ActiveCfg = Debug|Any CPU
		{C70465C2-CE83-4729-83E3-AFE435DD3BC0}.Debug|Any CPU.Build.0 = Debug|Any CPU
		{C70465C2-CE83-4729-83E3-AFE435DD3BC0}.Release|Any CPU.ActiveCfg = Release|Any CPU
		{C70465C2-CE83-4729-83E3-AFE435DD3BC0}.Release|Any CPU.Build.0 = Release|Any CPU
		{CFAC34D6-DE31-4429-B159-55B86FE3825A}.Debug|Any CPU.ActiveCfg = Debug|Any CPU
		{CFAC34D6-DE31-4429-B159-55B86FE3825A}.Debug|Any CPU.Build.0 = Debug|Any CPU
		{CFAC34D6-DE31-4429-B159-55B86FE3825A}.Release|Any CPU.ActiveCfg = Release|Any CPU
		{CFAC34D6-DE31-4429-B159-55B86FE3825A}.Release|Any CPU.Build.0 = Release|Any CPU
		{DE9286CD-7136-4898-A5F2-300464BC7B37}.Debug|Any CPU.ActiveCfg = Debug|Any CPU
		{DE9286CD-7136-4898-A5F2-300464BC7B37}.Debug|Any CPU.Build.0 = Debug|Any CPU
		{DE9286CD-7136-4898-A5F2-300464BC7B37}.Release|Any CPU.ActiveCfg = Release|Any CPU
		{DE9286CD-7136-4898-A5F2-300464BC7B37}.Release|Any CPU.Build.0 = Release|Any CPU
		{8CBC34E3-9E86-4996-A93C-F25D89289D9B}.Debug|Any CPU.ActiveCfg = Debug|Any CPU
		{8CBC34E3-9E86-4996-A93C-F25D89289D9B}.Debug|Any CPU.Build.0 = Debug|Any CPU
		{8CBC34E3-9E86-4996-A93C-F25D89289D9B}.Release|Any CPU.ActiveCfg = Release|Any CPU
		{8CBC34E3-9E86-4996-A93C-F25D89289D9B}.Release|Any CPU.Build.0 = Release|Any CPU
		{1D830501-244F-4F70-8E29-95705EEBBDF0}.Debug|Any CPU.ActiveCfg = Debug|Any CPU
		{1D830501-244F-4F70-8E29-95705EEBBDF0}.Debug|Any CPU.Build.0 = Debug|Any CPU
		{1D830501-244F-4F70-8E29-95705EEBBDF0}.Release|Any CPU.ActiveCfg = Release|Any CPU
		{1D830501-244F-4F70-8E29-95705EEBBDF0}.Release|Any CPU.Build.0 = Release|Any CPU
		{15BF308F-0B9C-446A-ACDF-8EDF59FFF3FB}.Debug|Any CPU.ActiveCfg = Debug|Any CPU
		{15BF308F-0B9C-446A-ACDF-8EDF59FFF3FB}.Debug|Any CPU.Build.0 = Debug|Any CPU
		{15BF308F-0B9C-446A-ACDF-8EDF59FFF3FB}.Release|Any CPU.ActiveCfg = Release|Any CPU
		{15BF308F-0B9C-446A-ACDF-8EDF59FFF3FB}.Release|Any CPU.Build.0 = Release|Any CPU
		{A17360ED-0BCE-4206-9AAA-D5BBFDED985E}.Debug|Any CPU.ActiveCfg = Debug|Any CPU
		{A17360ED-0BCE-4206-9AAA-D5BBFDED985E}.Debug|Any CPU.Build.0 = Debug|Any CPU
		{A17360ED-0BCE-4206-9AAA-D5BBFDED985E}.Release|Any CPU.ActiveCfg = Release|Any CPU
		{A17360ED-0BCE-4206-9AAA-D5BBFDED985E}.Release|Any CPU.Build.0 = Release|Any CPU
	EndGlobalSection
	GlobalSection(SolutionProperties) = preSolution
		HideSolutionNode = FALSE
	EndGlobalSection
	GlobalSection(NestedProjects) = preSolution
		{D6A788FD-116C-4809-B01F-7AB5ECE1DAE9} = {29B07905-3948-4D42-8415-43BE258311B1}
		{01B50F76-45E8-4625-80F1-A8B8EC976619} = {29B07905-3948-4D42-8415-43BE258311B1}
		{F90C03EE-CDD5-4CF9-9AD2-86EC2F636BC9} = {0342CC6F-D812-404D-9CA3-6C1D1488B8D1}
		{C51357FE-FEEB-43A0-82C8-D021E1D699A0} = {241E07EB-4993-4377-805E-2133CE5D1073}
		{2447AAE4-ADF3-42D3-BC70-56D670B46550} = {0342CC6F-D812-404D-9CA3-6C1D1488B8D1}
		{C70465C2-CE83-4729-83E3-AFE435DD3BC0} = {40E2FD7B-108B-46CC-BB38-1FCD4B1E487C}
		{CFAC34D6-DE31-4429-B159-55B86FE3825A} = {ECC690FF-05BF-4FFC-A855-0EE6D5A41F41}
		{DE9286CD-7136-4898-A5F2-300464BC7B37} = {40E2FD7B-108B-46CC-BB38-1FCD4B1E487C}
		{8CBC34E3-9E86-4996-A93C-F25D89289D9B} = {40E2FD7B-108B-46CC-BB38-1FCD4B1E487C}
		{1D830501-244F-4F70-8E29-95705EEBBDF0} = {40E2FD7B-108B-46CC-BB38-1FCD4B1E487C}
		{15BF308F-0B9C-446A-ACDF-8EDF59FFF3FB} = {ECC690FF-05BF-4FFC-A855-0EE6D5A41F41}
		{A17360ED-0BCE-4206-9AAA-D5BBFDED985E} = {40E2FD7B-108B-46CC-BB38-1FCD4B1E487C}
	EndGlobalSection
	GlobalSection(ExtensibilityGlobals) = postSolution
		SolutionGuid = {698296C5-D4A3-40B8-AE2D-64758C889206}
	EndGlobalSection
EndGlobal
